
Microsoft Visual Studio Solution File, Format Version 12.00
# Visual Studio Version 16
VisualStudioVersion = 16.0.29728.190
MinimumVisualStudioVersion = 10.0.40219.1
Project("{9A19103F-16F7-4668-BE54-9A1E7A4F7556}") = "Corporate", "Corporate\Corporate.csproj", "{6E3BA3CA-1B67-4350-9E16-BCA40B8AFC2D}"
EndProject
Project("{FAE04EC0-301F-11D3-BF4B-00C04F79EFBC}") = "Corporate.Services", "Corporate.Services\Corporate.Services.csproj", "{D3B634C6-5414-43B8-A188-4FD9D8237B32}"
EndProject
Project("{FAE04EC0-301F-11D3-BF4B-00C04F79EFBC}") = "Corporate.Data", "Corporate.Data\Corporate.Data.csproj", "{3A7AACDC-69A9-48A1-933E-0D397E42BEC1}"
EndProject
Project("{FAE04EC0-301F-11D3-BF4B-00C04F79EFBC}") = "Corporate.Model", "Corporate.Model\Corporate.Model.csproj", "{31FB3080-5BDD-42B0-8FA8-4061EFE1F445}"
EndProject
Project("{FAE04EC0-301F-11D3-BF4B-00C04F79EFBC}") = "Corporate.Domain", "Corporate.Domain\Corporate.Domain.csproj", "{72F8D158-D1C7-419D-9FF1-EE67F36A2CD9}"
EndProject
Global
	GlobalSection(SolutionConfigurationPlatforms) = preSolution
		Debug|Any CPU = Debug|Any CPU
		Release|Any CPU = Release|Any CPU
	EndGlobalSection
	GlobalSection(ProjectConfigurationPlatforms) = postSolution
		{6E3BA3CA-1B67-4350-9E16-BCA40B8AFC2D}.Debug|Any CPU.ActiveCfg = Debug|Any CPU
		{6E3BA3CA-1B67-4350-9E16-BCA40B8AFC2D}.Debug|Any CPU.Build.0 = Debug|Any CPU
		{6E3BA3CA-1B67-4350-9E16-BCA40B8AFC2D}.Release|Any CPU.ActiveCfg = Release|Any CPU
		{6E3BA3CA-1B67-4350-9E16-BCA40B8AFC2D}.Release|Any CPU.Build.0 = Release|Any CPU
		{D3B634C6-5414-43B8-A188-4FD9D8237B32}.Debug|Any CPU.ActiveCfg = Debug|Any CPU
		{D3B634C6-5414-43B8-A188-4FD9D8237B32}.Debug|Any CPU.Build.0 = Debug|Any CPU
		{D3B634C6-5414-43B8-A188-4FD9D8237B32}.Release|Any CPU.ActiveCfg = Release|Any CPU
		{D3B634C6-5414-43B8-A188-4FD9D8237B32}.Release|Any CPU.Build.0 = Release|Any CPU
		{3A7AACDC-69A9-48A1-933E-0D397E42BEC1}.Debug|Any CPU.ActiveCfg = Debug|Any CPU
		{3A7AACDC-69A9-48A1-933E-0D397E42BEC1}.Debug|Any CPU.Build.0 = Debug|Any CPU
		{3A7AACDC-69A9-48A1-933E-0D397E42BEC1}.Release|Any CPU.ActiveCfg = Release|Any CPU
		{3A7AACDC-69A9-48A1-933E-0D397E42BEC1}.Release|Any CPU.Build.0 = Release|Any CPU
		{31FB3080-5BDD-42B0-8FA8-4061EFE1F445}.Debug|Any CPU.ActiveCfg = Debug|Any CPU
		{31FB3080-5BDD-42B0-8FA8-4061EFE1F445}.Debug|Any CPU.Build.0 = Debug|Any CPU
		{31FB3080-5BDD-42B0-8FA8-4061EFE1F445}.Release|Any CPU.ActiveCfg = Release|Any CPU
		{31FB3080-5BDD-42B0-8FA8-4061EFE1F445}.Release|Any CPU.Build.0 = Release|Any CPU
		{72F8D158-D1C7-419D-9FF1-EE67F36A2CD9}.Debug|Any CPU.ActiveCfg = Debug|Any CPU
		{72F8D158-D1C7-419D-9FF1-EE67F36A2CD9}.Debug|Any CPU.Build.0 = Debug|Any CPU
		{72F8D158-D1C7-419D-9FF1-EE67F36A2CD9}.Release|Any CPU.ActiveCfg = Release|Any CPU
		{72F8D158-D1C7-419D-9FF1-EE67F36A2CD9}.Release|Any CPU.Build.0 = Release|Any CPU
	EndGlobalSection
	GlobalSection(SolutionProperties) = preSolution
		HideSolutionNode = FALSE
	EndGlobalSection
	GlobalSection(ExtensibilityGlobals) = postSolution
		SolutionGuid = {C0DE49DF-016D-43B1-9109-8A9EEB012651}
	EndGlobalSection
EndGlobal
